
Microsoft Visual Studio Solution File, Format Version 12.00
# Visual Studio Version 17
VisualStudioVersion = 17.4.33213.308
MinimumVisualStudioVersion = 10.0.40219.1
Project("{FAE04EC0-301F-11D3-BF4B-00C04F79EFBC}") = "UserRegistration", "UserRegistration\UserRegistration.csproj", "{D3F52890-0AA4-4E9D-BED7-16266A4DA090}"
EndProject
Global
	GlobalSection(SolutionConfigurationPlatforms) = preSolution
		Debug|Any CPU = Debug|Any CPU
		Release|Any CPU = Release|Any CPU
	EndGlobalSection
	GlobalSection(ProjectConfigurationPlatforms) = postSolution
		{D3F52890-0AA4-4E9D-BED7-16266A4DA090}.Debug|Any CPU.ActiveCfg = Debug|Any CPU
		{D3F52890-0AA4-4E9D-BED7-16266A4DA090}.Debug|Any CPU.Build.0 = Debug|Any CPU
		{D3F52890-0AA4-4E9D-BED7-16266A4DA090}.Release|Any CPU.ActiveCfg = Release|Any CPU
		{D3F52890-0AA4-4E9D-BED7-16266A4DA090}.Release|Any CPU.Build.0 = Release|Any CPU
	EndGlobalSection
	GlobalSection(SolutionProperties) = preSolution
		HideSolutionNode = FALSE
	EndGlobalSection
	GlobalSection(ExtensibilityGlobals) = postSolution
		SolutionGuid = {FBB1099D-267E-46F2-92E7-4924F3A25A69}
	EndGlobalSection
EndGlobal
