
Microsoft Visual Studio Solution File, Format Version 12.00
# Visual Studio Version 16
VisualStudioVersion = 16.0.32510.428
MinimumVisualStudioVersion = 10.0.40219.1
Project("{FAE04EC0-301F-11D3-BF4B-00C04F79EFBC}") = "RegistrationandLogin", "RegistrationandLogin\RegistrationandLogin.csproj", "{478AC30A-A27D-4319-9900-5E60821FF435}"
EndProject
Global
	GlobalSection(SolutionConfigurationPlatforms) = preSolution
		Debug|Any CPU = Debug|Any CPU
		Release|Any CPU = Release|Any CPU
	EndGlobalSection
	GlobalSection(ProjectConfigurationPlatforms) = postSolution
		{478AC30A-A27D-4319-9900-5E60821FF435}.Debug|Any CPU.ActiveCfg = Debug|Any CPU
		{478AC30A-A27D-4319-9900-5E60821FF435}.Debug|Any CPU.Build.0 = Debug|Any CPU
		{478AC30A-A27D-4319-9900-5E60821FF435}.Release|Any CPU.ActiveCfg = Release|Any CPU
		{478AC30A-A27D-4319-9900-5E60821FF435}.Release|Any CPU.Build.0 = Release|Any CPU
	EndGlobalSection
	GlobalSection(SolutionProperties) = preSolution
		HideSolutionNode = FALSE
	EndGlobalSection
	GlobalSection(ExtensibilityGlobals) = postSolution
		SolutionGuid = {3AD39089-0174-4BC9-9AFA-E6F4CDD41A5B}
	EndGlobalSection
EndGlobal
